PODS:
  - Flutter (1.0.0)
  - heif_converter (1.0.2):
    - Flutter

DEPENDENCIES:
  - Flutter (from `Flutter`)
  - heif_converter (from `.symlinks/plugins/heif_converter/ios`)

EXTERNAL SOURCES:
  Flutter:
    :path: Flutter
  heif_converter:
    :path: ".symlinks/plugins/heif_converter/ios"

SPEC CHECKSUMS:
  Flutter: cabc95a1d2626b1b06e7179b784ebcf0c0cde467
  heif_converter: 2b5648bd21951e98347eaa457418b9adfc1f19e9

PODFILE CHECKSUM: 4f1c12611da7338d21589c0b2ecd6bd20b109694

COCOAPODS: 1.16.2
